
Microsoft Visual Studio Solution File, Format Version 11.00
# Visual Studio 2010
Project("{FAE04EC0-301F-11D3-BF4B-00C04F79EFBC}") = "Mariuzzo.DataAnnotations.DO", "Mariuzzo.DataAnnotations.DO\Mariuzzo.DataAnnotations.DO.csproj", "{EA62A23F-540A-4A08-BF65-2B0E7D9571E6}"
EndProject
Global
	GlobalSection(SolutionConfigurationPlatforms) = preSolution
		Debug|Any CPU = Debug|Any CPU
		Release|Any CPU = Release|Any CPU
	EndGlobalSection
	GlobalSection(ProjectConfigurationPlatforms) = postSolution
		{EA62A23F-540A-4A08-BF65-2B0E7D9571E6}.Debug|Any CPU.ActiveCfg = Debug|Any CPU
		{EA62A23F-540A-4A08-BF65-2B0E7D9571E6}.Debug|Any CPU.Build.0 = Debug|Any CPU
		{EA62A23F-540A-4A08-BF65-2B0E7D9571E6}.Release|Any CPU.ActiveCfg = Release|Any CPU
		{EA62A23F-540A-4A08-BF65-2B0E7D9571E6}.Release|Any CPU.Build.0 = Release|Any CPU
	EndGlobalSection
	GlobalSection(SolutionProperties) = preSolution
		HideSolutionNode = FALSE
	EndGlobalSection
EndGlobal
