
Microsoft Visual Studio Solution File, Format Version 12.00
# Visual Studio 2013
VisualStudioVersion = 12.0.31101.0
MinimumVisualStudioVersion = 10.0.40219.1
Project("{FAE04EC0-301F-11D3-BF4B-00C04F79EFBC}") = "DevelopersDo.DataAnnotations", "DevelopersDo.DataAnnotations\DevelopersDo.DataAnnotations.csproj", "{EA62A23F-540A-4A08-BF65-2B0E7D9571E6}"
EndProject
Project("{FAE04EC0-301F-11D3-BF4B-00C04F79EFBC}") = "DevelopersDo.DataAnnotations.Test", "DevelopersDo.DataAnnotations.Test\DevelopersDo.DataAnnotations.Test.csproj", "{94A1DB79-EDF1-4A8E-90F1-CAD0BDB30E03}"
EndProject
Project("{FAE04EC0-301F-11D3-BF4B-00C04F79EFBC}") = "DevelopersDo.Validator", "DevelopersDo.Validator\DevelopersDo.Validator.csproj", "{C4796665-909F-410E-8857-42D68F0DD57D}"
EndProject
Global
	GlobalSection(SolutionConfigurationPlatforms) = preSolution
		Debug|Any CPU = Debug|Any CPU
		Release|Any CPU = Release|Any CPU
	EndGlobalSection
	GlobalSection(ProjectConfigurationPlatforms) = postSolution
		{EA62A23F-540A-4A08-BF65-2B0E7D9571E6}.Debug|Any CPU.ActiveCfg = Debug|Any CPU
		{EA62A23F-540A-4A08-BF65-2B0E7D9571E6}.Debug|Any CPU.Build.0 = Debug|Any CPU
		{EA62A23F-540A-4A08-BF65-2B0E7D9571E6}.Release|Any CPU.ActiveCfg = Release|Any CPU
		{EA62A23F-540A-4A08-BF65-2B0E7D9571E6}.Release|Any CPU.Build.0 = Release|Any CPU
		{94A1DB79-EDF1-4A8E-90F1-CAD0BDB30E03}.Debug|Any CPU.ActiveCfg = Debug|Any CPU
		{94A1DB79-EDF1-4A8E-90F1-CAD0BDB30E03}.Debug|Any CPU.Build.0 = Debug|Any CPU
		{94A1DB79-EDF1-4A8E-90F1-CAD0BDB30E03}.Release|Any CPU.ActiveCfg = Release|Any CPU
		{94A1DB79-EDF1-4A8E-90F1-CAD0BDB30E03}.Release|Any CPU.Build.0 = Release|Any CPU
		{C4796665-909F-410E-8857-42D68F0DD57D}.Debug|Any CPU.ActiveCfg = Debug|Any CPU
		{C4796665-909F-410E-8857-42D68F0DD57D}.Debug|Any CPU.Build.0 = Debug|Any CPU
		{C4796665-909F-410E-8857-42D68F0DD57D}.Release|Any CPU.ActiveCfg = Release|Any CPU
		{C4796665-909F-410E-8857-42D68F0DD57D}.Release|Any CPU.Build.0 = Release|Any CPU
	EndGlobalSection
	GlobalSection(SolutionProperties) = preSolution
		HideSolutionNode = FALSE
	EndGlobalSection
EndGlobal
